// !$*UTF8*$!
{
	archiveVersion = 1;
	classes = {
	};
	objectVersion = 51;
	objects = {

/* Begin PBXBuildFile section */
		C97796743287594C0AF51CE9 /* Pods_iOSTask.framework in Frameworks */ = {isa = PBXBuildFile; fileRef = D828E2C2A9CA426C32C6918A /* Pods_iOSTask.framework */; };
		F400C4DB25FBD872007CA078 /* TableViewPostCell.swift in Sources */ = {isa = PBXBuildFile; fileRef = F400C4DA25FBD872007CA078 /* TableViewPostCell.swift */; };
		F400C52025FCE082007CA078 /* FetchDetailsPost.swift in Sources */ = {isa = PBXBuildFile; fileRef = F400C51F25FCE082007CA078 /* FetchDetailsPost.swift */; };
		F400C53225FCEB04007CA078 /* MainVCInit.swift in Sources */ = {isa = PBXBuildFile; fileRef = F400C53125FCEB04007CA078 /* MainVCInit.swift */; };
		F42AD2FF25F917F400D09BCC /* Posts.swift in Sources */ = {isa = PBXBuildFile; fileRef = F42AD2FE25F917F400D09BCC /* Posts.swift */; };
		F42AD30A25F9197500D09BCC /* MainVC.swift in Sources */ = {isa = PBXBuildFile; fileRef = F42AD30925F9197500D09BCC /* MainVC.swift */; };
		F42AD30F25F91BDC00D09BCC /* MainViewModel.swift in Sources */ = {isa = PBXBuildFile; fileRef = F42AD30E25F91BDC00D09BCC /* MainViewModel.swift */; };
		F42AD31425F91C5000D09BCC /* UserDetails.swift in Sources */ = {isa = PBXBuildFile; fileRef = F42AD31325F91C5000D09BCC /* UserDetails.swift */; };
		F42AD31925F9205B00D09BCC /* FetchUserData.swift in Sources */ = {isa = PBXBuildFile; fileRef = F42AD31825F9205B00D09BCC /* FetchUserData.swift */; };
		F42AD35525F9297400D09BCC /* MainTableController.swift in Sources */ = {isa = PBXBuildFile; fileRef = F42AD35425F9297400D09BCC /* MainTableController.swift */; };
		F4589EE425FA32EC00059CE5 /* README.md in Resources */ = {isa = PBXBuildFile; fileRef = F4589EE325FA32EC00059CE5 /* README.md */; };
		F4589EE725FA3ECE00059CE5 /* TableViewFirstCell.swift in Sources */ = {isa = PBXBuildFile; fileRef = F4589EE625FA3ECE00059CE5 /* TableViewFirstCell.swift */; };
		F4589EE925FA3EDB00059CE5 /* TableViewDataCell.swift in Sources */ = {isa = PBXBuildFile; fileRef = F4589EE825FA3EDB00059CE5 /* TableViewDataCell.swift */; };
		F49F285025F913C30036D68D /* AppDelegate.swift in Sources */ = {isa = PBXBuildFile; fileRef = F49F284F25F913C30036D68D /* AppDelegate.swift */; };
		F49F285225F913C30036D68D /* SceneDelegate.swift in Sources */ = {isa = PBXBuildFile; fileRef = F49F285125F913C30036D68D /* SceneDelegate.swift */; };
		F49F285425F913C30036D68D /* ViewController.swift in Sources */ = {isa = PBXBuildFile; fileRef = F49F285325F913C30036D68D /* ViewController.swift */; };
		F49F285725F913C30036D68D /* Main.storyboard in Resources */ = {isa = PBXBuildFile; fileRef = F49F285525F913C30036D68D /* Main.storyboard */; };
		F49F285925F913C70036D68D /* Assets.xcassets in Resources */ = {isa = PBXBuildFile; fileRef = F49F285825F913C70036D68D /* Assets.xcassets */; };
		F49F285C25F913C70036D68D /* LaunchScreen.storyboard in Resources */ = {isa = PBXBuildFile; fileRef = F49F285A25F913C70036D68D /* LaunchScreen.storyboard */; };
		F49F286725F913C70036D68D /* iOSTaskTests.swift in Sources */ = {isa = PBXBuildFile; fileRef = F49F286625F913C70036D68D /* iOSTaskTests.swift */; };
		F49F287225F913C70036D68D /* iOSTaskUITests.swift in Sources */ = {isa = PBXBuildFile; fileRef = F49F287125F913C70036D68D /* iOSTaskUITests.swift */; };
		F4AC309D25F9368A00D73103 /* TableViewCell.swift in Sources */ = {isa = PBXBuildFile; fileRef = F4AC309C25F9368A00D73103 /* TableViewCell.swift */; };
		F4AC30A325F9659800D73103 /* CheckInternetConnection.swift in Sources */ = {isa = PBXBuildFile; fileRef = F4AC30A225F9659800D73103 /* CheckInternetConnection.swift */; };
		F4AC30A925F9755500D73103 /* SendMail.swift in Sources */ = {isa = PBXBuildFile; fileRef = F4AC30A825F9755500D73103 /* SendMail.swift */; };
		F4AC30AB25F9756900D73103 /* DetailsVC.swift in Sources */ = {isa = PBXBuildFile; fileRef = F4AC30AA25F9756900D73103 /* DetailsVC.swift */; };
		F4AC30AD25F97C3300D73103 /* DetailsViewModel.swift in Sources */ = {isa = PBXBuildFile; fileRef = F4AC30AC25F97C3300D73103 /* DetailsViewModel.swift */; };
		F4AC30B025F97C9800D73103 /* FetchDetailsImage.swift in Sources */ = {isa = PBXBuildFile; fileRef = F4AC30AF25F97C9800D73103 /* FetchDetailsImage.swift */; };
		F4AC30B525F987D100D73103 /* FetchUsersData.swift in Sources */ = {isa = PBXBuildFile; fileRef = F4AC30B425F987D100D73103 /* FetchUsersData.swift */; };
		F4C567C625FA414A008CE5A0 /* DetailsTableController.swift in Sources */ = {isa = PBXBuildFile; fileRef = F4C567C525FA414A008CE5A0 /* DetailsTableController.swift */; };
		F4C567C825FA5336008CE5A0 /* Coordinator.swift in Sources */ = {isa = PBXBuildFile; fileRef = F4C567C725FA5336008CE5A0 /* Coordinator.swift */; };
/* End PBXBuildFile section */

/* Begin PBXContainerItemProxy section */
		F49F286325F913C70036D68D /* PBXContainerItemProxy */ = {
			isa = PBXContainerItemProxy;
			containerPortal = F49F284425F913C30036D68D /* Project object */;
			proxyType = 1;
			remoteGlobalIDString = F49F284B25F913C30036D68D;
			remoteInfo = iOSTask;
		};
		F49F286E25F913C70036D68D /* PBXContainerItemProxy */ = {
			isa = PBXContainerItemProxy;
			containerPortal = F49F284425F913C30036D68D /* Project object */;
			proxyType = 1;
			remoteGlobalIDString = F49F284B25F913C30036D68D;
			remoteInfo = iOSTask;
		};
/* End PBXContainerItemProxy section */

/* Begin PBXFileReference section */
		3AD504B701ECA4A7F78EA2EE /* Pods-iOSTask.debug.xcconfig */ = {isa = PBXFileReference; includeInIndex = 1; lastKnownFileType = text.xcconfig; name = "Pods-iOSTask.debug.xcconfig"; path = "Target Support Files/Pods-iOSTask/Pods-iOSTask.debug.xcconfig"; sourceTree = "<group>"; };
		98D7B67D7DE4DCA501993F0D /* Pods-iOSTask.release.xcconfig */ = {isa = PBXFileReference; includeInIndex = 1; lastKnownFileType = text.xcconfig; name = "Pods-iOSTask.release.xcconfig"; path = "Target Support Files/Pods-iOSTask/Pods-iOSTask.release.xcconfig"; sourceTree = "<group>"; };
		D828E2C2A9CA426C32C6918A /* Pods_iOSTask.framework */ = {isa = PBXFileReference; explicitFileType = wrapper.framework; includeInIndex = 0; path = Pods_iOSTask.framework; sourceTree = BUILT_PRODUCTS_DIR; };
		F400C4DA25FBD872007CA078 /* TableViewPostCell.swift */ = {isa = PBXFileReference; lastKnownFileType = sourcecode.swift; path = TableViewPostCell.swift; sourceTree = "<group>"; };
		F400C51F25FCE082007CA078 /* FetchDetailsPost.swift */ = {isa = PBXFileReference; lastKnownFileType = sourcecode.swift; path = FetchDetailsPost.swift; sourceTree = "<group>"; };
		F400C53125FCEB04007CA078 /* MainVCInit.swift */ = {isa = PBXFileReference; lastKnownFileType = sourcecode.swift; path = MainVCInit.swift; sourceTree = "<group>"; };
		F42AD2FE25F917F400D09BCC /* Posts.swift */ = {isa = PBXFileReference; lastKnownFileType = sourcecode.swift; path = Posts.swift; sourceTree = "<group>"; };
		F42AD30925F9197500D09BCC /* MainVC.swift */ = {isa = PBXFileReference; lastKnownFileType = sourcecode.swift; path = MainVC.swift; sourceTree = "<group>"; };
		F42AD30E25F91BDC00D09BCC /* MainViewModel.swift */ = {isa = PBXFileReference; lastKnownFileType = sourcecode.swift; path = MainViewModel.swift; sourceTree = "<group>"; };
		F42AD31325F91C5000D09BCC /* UserDetails.swift */ = {isa = PBXFileReference; lastKnownFileType = sourcecode.swift; path = UserDetails.swift; sourceTree = "<group>"; };
		F42AD31825F9205B00D09BCC /* FetchUserData.swift */ = {isa = PBXFileReference; lastKnownFileType = sourcecode.swift; path = FetchUserData.swift; sourceTree = "<group>"; };
		F42AD35425F9297400D09BCC /* MainTableController.swift */ = {isa = PBXFileReference; lastKnownFileType = sourcecode.swift; path = MainTableController.swift; sourceTree = "<group>"; };
		F4589EE325FA32EC00059CE5 /* README.md */ = {isa = PBXFileReference; fileEncoding = 4; lastKnownFileType = net.daringfireball.markdown; path = README.md; sourceTree = SOURCE_ROOT; };
		F4589EE625FA3ECE00059CE5 /* TableViewFirstCell.swift */ = {isa = PBXFileReference; lastKnownFileType = sourcecode.swift; path = TableViewFirstCell.swift; sourceTree = "<group>"; };
		F4589EE825FA3EDB00059CE5 /* TableViewDataCell.swift */ = {isa = PBXFileReference; lastKnownFileType = sourcecode.swift; path = TableViewDataCell.swift; sourceTree = "<group>"; };
		F49F284C25F913C30036D68D /* iOSTask.app */ = {isa = PBXFileReference; explicitFileType = wrapper.application; includeInIndex = 0; path = iOSTask.app; sourceTree = BUILT_PRODUCTS_DIR; };
		F49F284F25F913C30036D68D /* AppDelegate.swift */ = {isa = PBXFileReference; lastKnownFileType = sourcecode.swift; path = AppDelegate.swift; sourceTree = "<group>"; };
		F49F285125F913C30036D68D /* SceneDelegate.swift */ = {isa = PBXFileReference; lastKnownFileType = sourcecode.swift; path = SceneDelegate.swift; sourceTree = "<group>"; };
		F49F285325F913C30036D68D /* ViewController.swift */ = {isa = PBXFileReference; lastKnownFileType = sourcecode.swift; path = ViewController.swift; sourceTree = "<group>"; };
		F49F285625F913C30036D68D /* Base */ = {isa = PBXFileReference; lastKnownFileType = file.storyboard; name = Base; path = Base.lproj/Main.storyboard; sourceTree = "<group>"; };
		F49F285825F913C70036D68D /* Assets.xcassets */ = {isa = PBXFileReference; lastKnownFileType = folder.assetcatalog; path = Assets.xcassets; sourceTree = "<group>"; };
		F49F285B25F913C70036D68D /* Base */ = {isa = PBXFileReference; lastKnownFileType = file.storyboard; name = Base; path = Base.lproj/LaunchScreen.storyboard; sourceTree = "<group>"; };
		F49F285D25F913C70036D68D /* Info.plist */ = {isa = PBXFileReference; lastKnownFileType = text.plist.xml; path = Info.plist; sourceTree = "<group>"; };
		F49F286225F913C70036D68D /* iOSTaskTests.xctest */ = {isa = PBXFileReference; explicitFileType = wrapper.cfbundle; includeInIndex = 0; path = iOSTaskTests.xctest; sourceTree = BUILT_PRODUCTS_DIR; };
		F49F286625F913C70036D68D /* iOSTaskTests.swift */ = {isa = PBXFileReference; lastKnownFileType = sourcecode.swift; path = iOSTaskTests.swift; sourceTree = "<group>"; };
		F49F286825F913C70036D68D /* Info.plist */ = {isa = PBXFileReference; lastKnownFileType = text.plist.xml; path = Info.plist; sourceTree = "<group>"; };
		F49F286D25F913C70036D68D /* iOSTaskUITests.xctest */ = {isa = PBXFileReference; explicitFileType = wrapper.cfbundle; includeInIndex = 0; path = iOSTaskUITests.xctest; sourceTree = BUILT_PRODUCTS_DIR; };
		F49F287125F913C70036D68D /* iOSTaskUITests.swift */ = {isa = PBXFileReference; lastKnownFileType = sourcecode.swift; path = iOSTaskUITests.swift; sourceTree = "<group>"; };
		F49F287325F913C70036D68D /* Info.plist */ = {isa = PBXFileReference; lastKnownFileType = text.plist.xml; path = Info.plist; sourceTree = "<group>"; };
		F4AC309C25F9368A00D73103 /* TableViewCell.swift */ = {isa = PBXFileReference; lastKnownFileType = sourcecode.swift; path = TableViewCell.swift; sourceTree = "<group>"; };
		F4AC30A225F9659800D73103 /* CheckInternetConnection.swift */ = {isa = PBXFileReference; lastKnownFileType = sourcecode.swift; path = CheckInternetConnection.swift; sourceTree = "<group>"; };
		F4AC30A825F9755500D73103 /* SendMail.swift */ = {isa = PBXFileReference; lastKnownFileType = sourcecode.swift; path = SendMail.swift; sourceTree = "<group>"; };
		F4AC30AA25F9756900D73103 /* DetailsVC.swift */ = {isa = PBXFileReference; lastKnownFileType = sourcecode.swift; path = DetailsVC.swift; sourceTree = "<group>"; };
		F4AC30AC25F97C3300D73103 /* DetailsViewModel.swift */ = {isa = PBXFileReference; lastKnownFileType = sourcecode.swift; path = DetailsViewModel.swift; sourceTree = "<group>"; };
		F4AC30AF25F97C9800D73103 /* FetchDetailsImage.swift */ = {isa = PBXFileReference; lastKnownFileType = sourcecode.swift; path = FetchDetailsImage.swift; sourceTree = "<group>"; };
		F4AC30B425F987D100D73103 /* FetchUsersData.swift */ = {isa = PBXFileReference; lastKnownFileType = sourcecode.swift; path = FetchUsersData.swift; sourceTree = "<group>"; };
		F4C567C525FA414A008CE5A0 /* DetailsTableController.swift */ = {isa = PBXFileReference; lastKnownFileType = sourcecode.swift; path = DetailsTableController.swift; sourceTree = "<group>"; };
		F4C567C725FA5336008CE5A0 /* Coordinator.swift */ = {isa = PBXFileReference; lastKnownFileType = sourcecode.swift; path = Coordinator.swift; sourceTree = "<group>"; };
/* End PBXFileReference section */

/* Begin PBXFrameworksBuildPhase section */
		F49F284925F913C30036D68D /* Frameworks */ = {
			isa = PBXFrameworksBuildPhase;
			buildActionMask = 2147483647;
			files = (
				C97796743287594C0AF51CE9 /* Pods_iOSTask.framework in Frameworks */,
			);
			runOnlyForDeploymentPostprocessing = 0;
		};
		F49F285F25F913C70036D68D /* Frameworks */ = {
			isa = PBXFrameworksBuildPhase;
			buildActionMask = 2147483647;
			files = (
			);
			runOnlyForDeploymentPostprocessing = 0;
		};
		F49F286A25F913C70036D68D /* Frameworks */ = {
			isa = PBXFrameworksBuildPhase;
			buildActionMask = 2147483647;
			files = (
			);
			runOnlyForDeploymentPostprocessing = 0;
		};
/* End PBXFrameworksBuildPhase section */

/* Begin PBXGroup section */
		2678B0EDBDC28DC1A61D2142 /* Pods */ = {
			isa = PBXGroup;
			children = (
				3AD504B701ECA4A7F78EA2EE /* Pods-iOSTask.debug.xcconfig */,
				98D7B67D7DE4DCA501993F0D /* Pods-iOSTask.release.xcconfig */,
			);
			path = Pods;
			sourceTree = "<group>";
		};
		C26341753EDEC88EB78FEBE3 /* Frameworks */ = {
			isa = PBXGroup;
			children = (
				D828E2C2A9CA426C32C6918A /* Pods_iOSTask.framework */,
			);
			name = Frameworks;
			sourceTree = "<group>";
		};
		F42AD2FA25F9179A00D09BCC /* Main */ = {
			isa = PBXGroup;
			children = (
				F42AD35925F92A7100D09BCC /* API */,
				F42AD2FB25F9179D00D09BCC /* Model */,
				F42AD2FC25F917A200D09BCC /* ViewModel */,
				F42AD2FD25F917A600D09BCC /* View */,
				F4AC30B325F9861E00D73103 /* TableView */,
			);
			path = Main;
			sourceTree = "<group>";
		};
		F42AD2FB25F9179D00D09BCC /* Model */ = {
			isa = PBXGroup;
			children = (
				F42AD2FE25F917F400D09BCC /* Posts.swift */,
				F42AD31325F91C5000D09BCC /* UserDetails.swift */,
			);
			path = Model;
			sourceTree = "<group>";
		};
		F42AD2FC25F917A200D09BCC /* ViewModel */ = {
			isa = PBXGroup;
			children = (
				F42AD30E25F91BDC00D09BCC /* MainViewModel.swift */,
			);
			path = ViewModel;
			sourceTree = "<group>";
		};
		F42AD2FD25F917A600D09BCC /* View */ = {
			isa = PBXGroup;
			children = (
				F42AD30925F9197500D09BCC /* MainVC.swift */,
				F400C53125FCEB04007CA078 /* MainVCInit.swift */,
			);
			path = View;
			sourceTree = "<group>";
		};
		F42AD35925F92A7100D09BCC /* API */ = {
			isa = PBXGroup;
			children = (
				F42AD31825F9205B00D09BCC /* FetchUserData.swift */,
				F4AC30B425F987D100D73103 /* FetchUsersData.swift */,
			);
			path = API;
			sourceTree = "<group>";
		};
		F4589EE525FA3E8100059CE5 /* TableView */ = {
			isa = PBXGroup;
			children = (
				F4C567C525FA414A008CE5A0 /* DetailsTableController.swift */,
				F4589EE625FA3ECE00059CE5 /* TableViewFirstCell.swift */,
				F4589EE825FA3EDB00059CE5 /* TableViewDataCell.swift */,
				F400C4DA25FBD872007CA078 /* TableViewPostCell.swift */,
			);
			path = TableView;
			sourceTree = "<group>";
		};
		F49F284325F913C30036D68D = {
			isa = PBXGroup;
			children = (
				F49F284E25F913C30036D68D /* iOSTask */,
				F49F286525F913C70036D68D /* iOSTaskTests */,
				F49F287025F913C70036D68D /* iOSTaskUITests */,
				F49F284D25F913C30036D68D /* Products */,
				2678B0EDBDC28DC1A61D2142 /* Pods */,
				C26341753EDEC88EB78FEBE3 /* Frameworks */,
			);
			sourceTree = "<group>";
		};
		F49F284D25F913C30036D68D /* Products */ = {
			isa = PBXGroup;
			children = (
				F49F284C25F913C30036D68D /* iOSTask.app */,
				F49F286225F913C70036D68D /* iOSTaskTests.xctest */,
				F49F286D25F913C70036D68D /* iOSTaskUITests.xctest */,
			);
			name = Products;
			sourceTree = "<group>";
		};
		F49F284E25F913C30036D68D /* iOSTask */ = {
			isa = PBXGroup;
			children = (
				F49F284F25F913C30036D68D /* AppDelegate.swift */,
				F49F285125F913C30036D68D /* SceneDelegate.swift */,
				F49F285325F913C30036D68D /* ViewController.swift */,
				F4589EE325FA32EC00059CE5 /* README.md */,
				F42AD2FA25F9179A00D09BCC /* Main */,
				F4AC30A425F9752800D73103 /* Details */,
				F49F285525F913C30036D68D /* Main.storyboard */,
				F4C567C725FA5336008CE5A0 /* Coordinator.swift */,
				F4AC30A225F9659800D73103 /* CheckInternetConnection.swift */,
				F49F285825F913C70036D68D /* Assets.xcassets */,
				F49F285A25F913C70036D68D /* LaunchScreen.storyboard */,
				F49F285D25F913C70036D68D /* Info.plist */,
			);
			path = iOSTask;
			sourceTree = "<group>";
		};
		F49F286525F913C70036D68D /* iOSTaskTests */ = {
			isa = PBXGroup;
			children = (
				F49F286625F913C70036D68D /* iOSTaskTests.swift */,
				F49F286825F913C70036D68D /* Info.plist */,
			);
			path = iOSTaskTests;
			sourceTree = "<group>";
		};
		F49F287025F913C70036D68D /* iOSTaskUITests */ = {
			isa = PBXGroup;
			children = (
				F49F287125F913C70036D68D /* iOSTaskUITests.swift */,
				F49F287325F913C70036D68D /* Info.plist */,
			);
			path = iOSTaskUITests;
			sourceTree = "<group>";
		};
		F4AC30A425F9752800D73103 /* Details */ = {
			isa = PBXGroup;
			children = (
				F4AC30AE25F97C8D00D73103 /* API */,
				F4AC30A725F9753D00D73103 /* Model */,
				F4AC30A625F9753800D73103 /* ViewModel */,
				F4AC30A525F9753500D73103 /* View */,
				F4589EE525FA3E8100059CE5 /* TableView */,
			);
			path = Details;
			sourceTree = "<group>";
		};
		F4AC30A525F9753500D73103 /* View */ = {
			isa = PBXGroup;
			children = (
				F4AC30AA25F9756900D73103 /* DetailsVC.swift */,
				F4AC30A825F9755500D73103 /* SendMail.swift */,
			);
			path = View;
			sourceTree = "<group>";
		};
		F4AC30A625F9753800D73103 /* ViewModel */ = {
			isa = PBXGroup;
			children = (
				F4AC30AC25F97C3300D73103 /* DetailsViewModel.swift */,
			);
			path = ViewModel;
			sourceTree = "<group>";
		};
		F4AC30A725F9753D00D73103 /* Model */ = {
			isa = PBXGroup;
			children = (
			);
			path = Model;
			sourceTree = "<group>";
		};
		F4AC30AE25F97C8D00D73103 /* API */ = {
			isa = PBXGroup;
			children = (
				F4AC30AF25F97C9800D73103 /* FetchDetailsImage.swift */,
				F400C51F25FCE082007CA078 /* FetchDetailsPost.swift */,
			);
			path = API;
			sourceTree = "<group>";
		};
		F4AC30B325F9861E00D73103 /* TableView */ = {
			isa = PBXGroup;
			children = (
				F42AD35425F9297400D09BCC /* MainTableController.swift */,
				F4AC309C25F9368A00D73103 /* TableViewCell.swift */,
			);
			path = TableView;
			sourceTree = "<group>";
		};
/* End PBXGroup section */

/* Begin PBXNativeTarget section */
		F49F284B25F913C30036D68D /* iOSTask */ = {
			isa = PBXNativeTarget;
			buildConfigurationList = F49F287625F913C70036D68D /* Build configuration list for PBXNativeTarget "iOSTask" */;
			buildPhases = (
				6801845D26B9E27C06B9FCE8 /* [CP] Check Pods Manifest.lock */,
				F49F284825F913C30036D68D /* Sources */,
				F49F284925F913C30036D68D /* Frameworks */,
				F49F284A25F913C30036D68D /* Resources */,
				52DC6DB93DC885E41F143630 /* [CP] Embed Pods Frameworks */,
			);
			buildRules = (
			);
			dependencies = (
			);
			name = iOSTask;
			productName = iOSTask;
			productReference = F49F284C25F913C30036D68D /* iOSTask.app */;
			productType = "com.apple.product-type.application";
		};
		F49F286125F913C70036D68D /* iOSTaskTests */ = {
			isa = PBXNativeTarget;
			buildConfigurationList = F49F287925F913C70036D68D /* Build configuration list for PBXNativeTarget "iOSTaskTests" */;
			buildPhases = (
				F49F285E25F913C70036D68D /* Sources */,
				F49F285F25F913C70036D68D /* Frameworks */,
				F49F286025F913C70036D68D /* Resources */,
			);
			buildRules = (
			);
			dependencies = (
				F49F286425F913C70036D68D /* PBXTargetDependency */,
			);
			name = iOSTaskTests;
			productName = iOSTaskTests;
			productReference = F49F286225F913C70036D68D /* iOSTaskTests.xctest */;
			productType = "com.apple.product-type.bundle.unit-test";
		};
		F49F286C25F913C70036D68D /* iOSTaskUITests */ = {
			isa = PBXNativeTarget;
			buildConfigurationList = F49F287C25F913C70036D68D /* Build configuration list for PBXNativeTarget "iOSTaskUITests" */;
			buildPhases = (
				F49F286925F913C70036D68D /* Sources */,
				F49F286A25F913C70036D68D /* Frameworks */,
				F49F286B25F913C70036D68D /* Resources */,
			);
			buildRules = (
			);
			dependencies = (
				F49F286F25F913C70036D68D /* PBXTargetDependency */,
			);
			name = iOSTaskUITests;
			productName = iOSTaskUITests;
			productReference = F49F286D25F913C70036D68D /* iOSTaskUITests.xctest */;
			productType = "com.apple.product-type.bundle.ui-testing";
		};
/* End PBXNativeTarget section */

/* Begin PBXProject section */
		F49F284425F913C30036D68D /* Project object */ = {
			isa = PBXProject;
			attributes = {
				LastSwiftUpdateCheck = 1250;
				LastUpgradeCheck = 1250;
				TargetAttributes = {
					F49F284B25F913C30036D68D = {
						CreatedOnToolsVersion = 12.5;
					};
					F49F286125F913C70036D68D = {
						CreatedOnToolsVersion = 12.5;
						TestTargetID = F49F284B25F913C30036D68D;
					};
					F49F286C25F913C70036D68D = {
						CreatedOnToolsVersion = 12.5;
						TestTargetID = F49F284B25F913C30036D68D;
					};
				};
			};
			buildConfigurationList = F49F284725F913C30036D68D /* Build configuration list for PBXProject "iOSTask" */;
			compatibilityVersion = "Xcode 9.3";
			developmentRegion = en;
			hasScannedForEncodings = 0;
			knownRegions = (
				en,
				Base,
			);
			mainGroup = F49F284325F913C30036D68D;
			productRefGroup = F49F284D25F913C30036D68D /* Products */;
			projectDirPath = "";
			projectRoot = "";
			targets = (
				F49F284B25F913C30036D68D /* iOSTask */,
				F49F286125F913C70036D68D /* iOSTaskTests */,
				F49F286C25F913C70036D68D /* iOSTaskUITests */,
			);
		};
/* End PBXProject section */

/* Begin PBXResourcesBuildPhase section */
		F49F284A25F913C30036D68D /* Resources */ = {
			isa = PBXResourcesBuildPhase;
			buildActionMask = 2147483647;
			files = (
				F49F285C25F913C70036D68D /* LaunchScreen.storyboard in Resources */,
				F49F285925F913C70036D68D /* Assets.xcassets in Resources */,
				F4589EE425FA32EC00059CE5 /* README.md in Resources */,
				F49F285725F913C30036D68D /* Main.storyboard in Resources */,
			);
			runOnlyForDeploymentPostprocessing = 0;
		};
		F49F286025F913C70036D68D /* Resources */ = {
			isa = PBXResourcesBuildPhase;
			buildActionMask = 2147483647;
			files = (
			);
			runOnlyForDeploymentPostprocessing = 0;
		};
		F49F286B25F913C70036D68D /* Resources */ = {
			isa = PBXResourcesBuildPhase;
			buildActionMask = 2147483647;
			files = (
			);
			runOnlyForDeploymentPostprocessing = 0;
		};
/* End PBXResourcesBuildPhase section */

/* Begin PBXShellScriptBuildPhase section */
		52DC6DB93DC885E41F143630 /* [CP] Embed Pods Frameworks */ = {
			isa = PBXShellScriptBuildPhase;
			buildActionMask = 2147483647;
			files = (
			);
			inputFileListPaths = (
				"${PODS_ROOT}/Target Support Files/Pods-iOSTask/Pods-iOSTask-frameworks-${CONFIGURATION}-input-files.xcfilelist",
			);
			name = "[CP] Embed Pods Frameworks";
			outputFileListPaths = (
				"${PODS_ROOT}/Target Support Files/Pods-iOSTask/Pods-iOSTask-frameworks-${CONFIGURATION}-output-files.xcfilelist",
			);
			runOnlyForDeploymentPostprocessing = 0;
			shellPath = /bin/sh;
			shellScript = "\"${PODS_ROOT}/Target Support Files/Pods-iOSTask/Pods-iOSTask-frameworks.sh\"\n";
			showEnvVarsInLog = 0;
		};
		6801845D26B9E27C06B9FCE8 /* [CP] Check Pods Manifest.lock */ = {
			isa = PBXShellScriptBuildPhase;
			buildActionMask = 2147483647;
			files = (
			);
			inputFileListPaths = (
			);
			inputPaths = (
				"${PODS_PODFILE_DIR_PATH}/Podfile.lock",
				"${PODS_ROOT}/Manifest.lock",
			);
			name = "[CP] Check Pods Manifest.lock";
			outputFileListPaths = (
			);
			outputPaths = (
				"$(DERIVED_FILE_DIR)/Pods-iOSTask-checkManifestLockResult.txt",
			);
			runOnlyForDeploymentPostprocessing = 0;
			shellPath = /bin/sh;
			shellScript = "diff \"${PODS_PODFILE_DIR_PATH}/Podfile.lock\" \"${PODS_ROOT}/Manifest.lock\" > /dev/null\nif [ $? != 0 ] ; then\n    # print error to STDERR\n    echo \"error: The sandbox is not in sync with the Podfile.lock. Run 'pod install' or update your CocoaPods installation.\" >&2\n    exit 1\nfi\n# This output is used by Xcode 'outputs' to avoid re-running this script phase.\necho \"SUCCESS\" > \"${SCRIPT_OUTPUT_FILE_0}\"\n";
			showEnvVarsInLog = 0;
		};
/* End PBXShellScriptBuildPhase section */

/* Begin PBXSourcesBuildPhase section */
		F49F284825F913C30036D68D /* Sources */ = {
			isa = PBXSourcesBuildPhase;
			buildActionMask = 2147483647;
			files = (
				F4AC30A325F9659800D73103 /* CheckInternetConnection.swift in Sources */,
				F4AC30B525F987D100D73103 /* FetchUsersData.swift in Sources */,
				F4AC309D25F9368A00D73103 /* TableViewCell.swift in Sources */,
				F42AD30F25F91BDC00D09BCC /* MainViewModel.swift in Sources */,
				F42AD31425F91C5000D09BCC /* UserDetails.swift in Sources */,
				F4C567C625FA414A008CE5A0 /* DetailsTableController.swift in Sources */,
				F49F285425F913C30036D68D /* ViewController.swift in Sources */,
				F42AD30A25F9197500D09BCC /* MainVC.swift in Sources */,
				F400C4DB25FBD872007CA078 /* TableViewPostCell.swift in Sources */,
				F4AC30A925F9755500D73103 /* SendMail.swift in Sources */,
				F49F285025F913C30036D68D /* AppDelegate.swift in Sources */,
				F400C52025FCE082007CA078 /* FetchDetailsPost.swift in Sources */,
				F42AD2FF25F917F400D09BCC /* Posts.swift in Sources */,
				F49F285225F913C30036D68D /* SceneDelegate.swift in Sources */,
				F4C567C825FA5336008CE5A0 /* Coordinator.swift in Sources */,
				F42AD31925F9205B00D09BCC /* FetchUserData.swift in Sources */,
				F4AC30AD25F97C3300D73103 /* DetailsViewModel.swift in Sources */,
				F4AC30AB25F9756900D73103 /* DetailsVC.swift in Sources */,
				F42AD35525F9297400D09BCC /* MainTableController.swift in Sources */,
				F400C53225FCEB04007CA078 /* MainVCInit.swift in Sources */,
				F4589EE925FA3EDB00059CE5 /* TableViewDataCell.swift in Sources */,
				F4589EE725FA3ECE00059CE5 /* TableViewFirstCell.swift in Sources */,
				F4AC30B025F97C9800D73103 /* FetchDetailsImage.swift in Sources */,
			);
			runOnlyForDeploymentPostprocessing = 0;
		};
		F49F285E25F913C70036D68D /* Sources */ = {
			isa = PBXSourcesBuildPhase;
			buildActionMask = 2147483647;
			files = (
				F49F286725F913C70036D68D /* iOSTaskTests.swift in Sources */,
			);
			runOnlyForDeploymentPostprocessing = 0;
		};
		F49F286925F913C70036D68D /* Sources */ = {
			isa = PBXSourcesBuildPhase;
			buildActionMask = 2147483647;
			files = (
				F49F287225F913C70036D68D /* iOSTaskUITests.swift in Sources */,
			);
			runOnlyForDeploymentPostprocessing = 0;
		};
/* End PBXSourcesBuildPhase section */

/* Begin PBXTargetDependency section */
		F49F286425F913C70036D68D /* PBXTargetDependency */ = {
			isa = PBXTargetDependency;
			target = F49F284B25F913C30036D68D /* iOSTask */;
			targetProxy = F49F286325F913C70036D68D /* PBXContainerItemProxy */;
		};
		F49F286F25F913C70036D68D /* PBXTargetDependency */ = {
			isa = PBXTargetDependency;
			target = F49F284B25F913C30036D68D /* iOSTask */;
			targetProxy = F49F286E25F913C70036D68D /* PBXContainerItemProxy */;
		};
/* End PBXTargetDependency section */

/* Begin PBXVariantGroup section */
		F49F285525F913C30036D68D /* Main.storyboard */ = {
			isa = PBXVariantGroup;
			children = (
				F49F285625F913C30036D68D /* Base */,
			);
			name = Main.storyboard;
			sourceTree = "<group>";
		};
		F49F285A25F913C70036D68D /* LaunchScreen.storyboard */ = {
			isa = PBXVariantGroup;
			children = (
				F49F285B25F913C70036D68D /* Base */,
			);
			name = LaunchScreen.storyboard;
			sourceTree = "<group>";
		};
/* End PBXVariantGroup section */

/* Begin XCBuildConfiguration section */
		F49F287425F913C70036D68D /* Debug */ = {
			isa = XCBuildConfiguration;
			buildSettings = {
				ALWAYS_SEARCH_USER_PATHS = NO;
				CLANG_ANALYZER_NONNULL = YES;
				CLANG_ANALYZER_NUMBER_OBJECT_CONVERSION = YES_AGGRESSIVE;
				CLANG_CXX_LANGUAGE_STANDARD = "gnu++14";
				CLANG_CXX_LIBRARY = "libc++";
				CLANG_ENABLE_MODULES = YES;
				CLANG_ENABLE_OBJC_ARC = YES;
				CLANG_ENABLE_OBJC_WEAK = YES;
				CLANG_WARN_BLOCK_CAPTURE_AUTORELEASING = YES;
				CLANG_WARN_BOOL_CONVERSION = YES;
				CLANG_WARN_COMMA = YES;
				CLANG_WARN_CONSTANT_CONVERSION = YES;
				CLANG_WARN_DEPRECATED_OBJC_IMPLEMENTATIONS = YES;
				CLANG_WARN_DIRECT_OBJC_ISA_USAGE = YES_ERROR;
				CLANG_WARN_DOCUMENTATION_COMMENTS = YES;
				CLANG_WARN_EMPTY_BODY = YES;
				CLANG_WARN_ENUM_CONVERSION = YES;
				CLANG_WARN_INFINITE_RECURSION = YES;
				CLANG_WARN_INT_CONVERSION = YES;
				CLANG_WARN_NON_LITERAL_NULL_CONVERSION = YES;
				CLANG_WARN_OBJC_IMPLICIT_RETAIN_SELF = YES;
				CLANG_WARN_OBJC_LITERAL_CONVERSION = YES;
				CLANG_WARN_OBJC_ROOT_CLASS = YES_ERROR;
				CLANG_WARN_QUOTED_INCLUDE_IN_FRAMEWORK_HEADER = YES;
				CLANG_WARN_RANGE_LOOP_ANALYSIS = YES;
				CLANG_WARN_STRICT_PROTOTYPES = YES;
				CLANG_WARN_SUSPICIOUS_MOVE = YES;
				CLANG_WARN_UNGUARDED_AVAILABILITY = YES_AGGRESSIVE;
				CLANG_WARN_UNREACHABLE_CODE = YES;
				CLANG_WARN__DUPLICATE_METHOD_MATCH = YES;
				COPY_PHASE_STRIP = NO;
				DEBUG_INFORMATION_FORMAT = dwarf;
				ENABLE_STRICT_OBJC_MSGSEND = YES;
				ENABLE_TESTABILITY = YES;
				GCC_C_LANGUAGE_STANDARD = gnu11;
				GCC_DYNAMIC_NO_PIC = NO;
				GCC_NO_COMMON_BLOCKS = YES;
				GCC_OPTIMIZATION_LEVEL = 0;
				GCC_PREPROCESSOR_DEFINITIONS = (
					"DEBUG=1",
					"$(inherited)",
				);
				GCC_WARN_64_TO_32_BIT_CONVERSION = YES;
				GCC_WARN_ABOUT_RETURN_TYPE = YES_ERROR;
				GCC_WARN_UNDECLARED_SELECTOR = YES;
				GCC_WARN_UNINITIALIZED_AUTOS = YES_AGGRESSIVE;
				GCC_WARN_UNUSED_FUNCTION = YES;
				GCC_WARN_UNUSED_VARIABLE = YES;
				IPHONEOS_DEPLOYMENT_TARGET = 14.5;
				MTL_ENABLE_DEBUG_INFO = INCLUDE_SOURCE;
				MTL_FAST_MATH = YES;
				ONLY_ACTIVE_ARCH = YES;
				SDKROOT = iphoneos;
				SWIFT_ACTIVE_COMPILATION_CONDITIONS = DEBUG;
				SWIFT_OPTIMIZATION_LEVEL = "-Onone";
			};
			name = Debug;
		};
		F49F287525F913C70036D68D /* Release */ = {
			isa = XCBuildConfiguration;
			buildSettings = {
				ALWAYS_SEARCH_USER_PATHS = NO;
				CLANG_ANALYZER_NONNULL = YES;
				CLANG_ANALYZER_NUMBER_OBJECT_CONVERSION = YES_AGGRESSIVE;
				CLANG_CXX_LANGUAGE_STANDARD = "gnu++14";
				CLANG_CXX_LIBRARY = "libc++";
				CLANG_ENABLE_MODULES = YES;
				CLANG_ENABLE_OBJC_ARC = YES;
				CLANG_ENABLE_OBJC_WEAK = YES;
				CLANG_WARN_BLOCK_CAPTURE_AUTORELEASING = YES;
				CLANG_WARN_BOOL_CONVERSION = YES;
				CLANG_WARN_COMMA = YES;
				CLANG_WARN_CONSTANT_CONVERSION = YES;
				CLANG_WARN_DEPRECATED_OBJC_IMPLEMENTATIONS = YES;
				CLANG_WARN_DIRECT_OBJC_ISA_USAGE = YES_ERROR;
				CLANG_WARN_DOCUMENTATION_COMMENTS = YES;
				CLANG_WARN_EMPTY_BODY = YES;
				CLANG_WARN_ENUM_CONVERSION = YES;
				CLANG_WARN_INFINITE_RECURSION = YES;
				CLANG_WARN_INT_CONVERSION = YES;
				CLANG_WARN_NON_LITERAL_NULL_CONVERSION = YES;
				CLANG_WARN_OBJC_IMPLICIT_RETAIN_SELF = YES;
				CLANG_WARN_OBJC_LITERAL_CONVERSION = YES;
				CLANG_WARN_OBJC_ROOT_CLASS = YES_ERROR;
				CLANG_WARN_QUOTED_INCLUDE_IN_FRAMEWORK_HEADER = YES;
				CLANG_WARN_RANGE_LOOP_ANALYSIS = YES;
				CLANG_WARN_STRICT_PROTOTYPES = YES;
				CLANG_WARN_SUSPICIOUS_MOVE = YES;
				CLANG_WARN_UNGUARDED_AVAILABILITY = YES_AGGRESSIVE;
				CLANG_WARN_UNREACHABLE_CODE = YES;
				CLANG_WARN__DUPLICATE_METHOD_MATCH = YES;
				COPY_PHASE_STRIP = NO;
				DEBUG_INFORMATION_FORMAT = "dwarf-with-dsym";
				ENABLE_NS_ASSERTIONS = NO;
				ENABLE_STRICT_OBJC_MSGSEND = YES;
				GCC_C_LANGUAGE_STANDARD = gnu11;
				GCC_NO_COMMON_BLOCKS = YES;
				GCC_WARN_64_TO_32_BIT_CONVERSION = YES;
				GCC_WARN_ABOUT_RETURN_TYPE = YES_ERROR;
				GCC_WARN_UNDECLARED_SELECTOR = YES;
				GCC_WARN_UNINITIALIZED_AUTOS = YES_AGGRESSIVE;
				GCC_WARN_UNUSED_FUNCTION = YES;
				GCC_WARN_UNUSED_VARIABLE = YES;
				IPHONEOS_DEPLOYMENT_TARGET = 14.5;
				MTL_ENABLE_DEBUG_INFO = NO;
				MTL_FAST_MATH = YES;
				SDKROOT = iphoneos;
				SWIFT_COMPILATION_MODE = wholemodule;
				SWIFT_OPTIMIZATION_LEVEL = "-O";
				VALIDATE_PRODUCT = YES;
			};
			name = Release;
		};
		F49F287725F913C70036D68D /* Debug */ = {
			isa = XCBuildConfiguration;
			baseConfigurationReference = 3AD504B701ECA4A7F78EA2EE /* Pods-iOSTask.debug.xcconfig */;
			buildSettings = {
				ASSETCATALOG_COMPILER_APPICON_NAME = AppIcon;
				ASSETCATALOG_COMPILER_GLOBAL_ACCENT_COLOR_NAME = AccentColor;
				CODE_SIGN_STYLE = Automatic;
				DEVELOPMENT_TEAM = GL8994GPA6;
				INFOPLIST_FILE = iOSTask/Info.plist;
				IPHONEOS_DEPLOYMENT_TARGET = 14.1;
				LD_RUNPATH_SEARCH_PATHS = (
					"$(inherited)",
					"@executable_path/Frameworks",
				);
				PRODUCT_BUNDLE_IDENTIFIER = com.liudasbar.iOSTask;
				PRODUCT_NAME = "$(TARGET_NAME)";
				SWIFT_VERSION = 5.0;
				TARGETED_DEVICE_FAMILY = "1,2";
			};
			name = Debug;
		};
		F49F287825F913C70036D68D /* Release */ = {
			isa = XCBuildConfiguration;
			baseConfigurationReference = 98D7B67D7DE4DCA501993F0D /* Pods-iOSTask.release.xcconfig */;
			buildSettings = {
				ASSETCATALOG_COMPILER_APPICON_NAME = AppIcon;
				ASSETCATALOG_COMPILER_GLOBAL_ACCENT_COLOR_NAME = AccentColor;
				CODE_SIGN_STYLE = Automatic;
				DEVELOPMENT_TEAM = GL8994GPA6;
				INFOPLIST_FILE = iOSTask/Info.plist;
				IPHONEOS_DEPLOYMENT_TARGET = 14.1;
				LD_RUNPATH_SEARCH_PATHS = (
					"$(inherited)",
					"@executable_path/Frameworks",
				);
				PRODUCT_BUNDLE_IDENTIFIER = com.liudasbar.iOSTask;
				PRODUCT_NAME = "$(TARGET_NAME)";
				SWIFT_VERSION = 5.0;
				TARGETED_DEVICE_FAMILY = "1,2";
			};
			name = Release;
		};
		F49F287A25F913C70036D68D /* Debug */ = {
			isa = XCBuildConfiguration;
			buildSettings = {
				ALWAYS_EMBED_SWIFT_STANDARD_LIBRARIES = YES;
				BUNDLE_LOADER = "$(TEST_HOST)";
				CODE_SIGN_STYLE = Automatic;
				DEVELOPMENT_TEAM = GL8994GPA6;
				INFOPLIST_FILE = iOSTaskTests/Info.plist;
				IPHONEOS_DEPLOYMENT_TARGET = 14.5;
				LD_RUNPATH_SEARCH_PATHS = (
					"$(inherited)",
					"@executable_path/Frameworks",
					"@loader_path/Frameworks",
				);
				PRODUCT_BUNDLE_IDENTIFIER = com.liudasbar.iOSTaskTests;
				PRODUCT_NAME = "$(TARGET_NAME)";
				SWIFT_VERSION = 5.0;
				TARGETED_DEVICE_FAMILY = "1,2";
				TEST_HOST = "$(BUILT_PRODUCTS_DIR)/iOSTask.app/iOSTask";
			};
			name = Debug;
		};
		F49F287B25F913C70036D68D /* Release */ = {
			isa = XCBuildConfiguration;
			buildSettings = {
				ALWAYS_EMBED_SWIFT_STANDARD_LIBRARIES = YES;
				BUNDLE_LOADER = "$(TEST_HOST)";
				CODE_SIGN_STYLE = Automatic;
				DEVELOPMENT_TEAM = GL8994GPA6;
				INFOPLIST_FILE = iOSTaskTests/Info.plist;
				IPHONEOS_DEPLOYMENT_TARGET = 14.5;
				LD_RUNPATH_SEARCH_PATHS = (
					"$(inherited)",
					"@executable_path/Frameworks",
					"@loader_path/Frameworks",
				);
				PRODUCT_BUNDLE_IDENTIFIER = com.liudasbar.iOSTaskTests;
				PRODUCT_NAME = "$(TARGET_NAME)";
				SWIFT_VERSION = 5.0;
				TARGETED_DEVICE_FAMILY = "1,2";
				TEST_HOST = "$(BUILT_PRODUCTS_DIR)/iOSTask.app/iOSTask";
			};
			name = Release;
		};
		F49F287D25F913C70036D68D /* Debug */ = {
			isa = XCBuildConfiguration;
			buildSettings = {
				ALWAYS_EMBED_SWIFT_STANDARD_LIBRARIES = YES;
				CODE_SIGN_STYLE = Automatic;
				DEVELOPMENT_TEAM = GL8994GPA6;
				INFOPLIST_FILE = iOSTaskUITests/Info.plist;
				LD_RUNPATH_SEARCH_PATHS = (
					"$(inherited)",
					"@executable_path/Frameworks",
					"@loader_path/Frameworks",
				);
				PRODUCT_BUNDLE_IDENTIFIER = com.liudasbar.iOSTaskUITests;
				PRODUCT_NAME = "$(TARGET_NAME)";
				SWIFT_VERSION = 5.0;
				TARGETED_DEVICE_FAMILY = "1,2";
				TEST_TARGET_NAME = iOSTask;
			};
			name = Debug;
		};
		F49F287E25F913C70036D68D /* Release */ = {
			isa = XCBuildConfiguration;
			buildSettings = {
				ALWAYS_EMBED_SWIFT_STANDARD_LIBRARIES = YES;
				CODE_SIGN_STYLE = Automatic;
				DEVELOPMENT_TEAM = GL8994GPA6;
				INFOPLIST_FILE = iOSTaskUITests/Info.plist;
				LD_RUNPATH_SEARCH_PATHS = (
					"$(inherited)",
					"@executable_path/Frameworks",
					"@loader_path/Frameworks",
				);
				PRODUCT_BUNDLE_IDENTIFIER = com.liudasbar.iOSTaskUITests;
				PRODUCT_NAME = "$(TARGET_NAME)";
				SWIFT_VERSION = 5.0;
				TARGETED_DEVICE_FAMILY = "1,2";
				TEST_TARGET_NAME = iOSTask;
			};
			name = Release;
		};
/* End XCBuildConfiguration section */

/* Begin XCConfigurationList section */
		F49F284725F913C30036D68D /* Build configuration list for PBXProject "iOSTask" */ = {
			isa = XCConfigurationList;
			buildConfigurations = (
				F49F287425F913C70036D68D /* Debug */,
				F49F287525F913C70036D68D /* Release */,
			);
			defaultConfigurationIsVisible = 0;
			defaultConfigurationName = Release;
		};
		F49F287625F913C70036D68D /* Build configuration list for PBXNativeTarget "iOSTask" */ = {
			isa = XCConfigurationList;
			buildConfigurations = (
				F49F287725F913C70036D68D /* Debug */,
				F49F287825F913C70036D68D /* Release */,
			);
			defaultConfigurationIsVisible = 0;
			defaultConfigurationName = Release;
		};
		F49F287925F913C70036D68D /* Build configuration list for PBXNativeTarget "iOSTaskTests" */ = {
			isa = XCConfigurationList;
			buildConfigurations = (
				F49F287A25F913C70036D68D /* Debug */,
				F49F287B25F913C70036D68D /* Release */,
			);
			defaultConfigurationIsVisible = 0;
			defaultConfigurationName = Release;
		};
		F49F287C25F913C70036D68D /* Build configuration list for PBXNativeTarget "iOSTaskUITests" */ = {
			isa = XCConfigurationList;
			buildConfigurations = (
				F49F287D25F913C70036D68D /* Debug */,
				F49F287E25F913C70036D68D /* Release */,
			);
			defaultConfigurationIsVisible = 0;
			defaultConfigurationName = Release;
		};
/* End XCConfigurationList section */
	};
	rootObject = F49F284425F913C30036D68D /* Project object */;
}
